
Microsoft Visual Studio Solution File, Format Version 12.00
# Visual Studio Version 16
VisualStudioVersion = 16.0.31424.327
MinimumVisualStudioVersion = 10.0.40219.1
Project("{FAE04EC0-301F-11D3-BF4B-00C04F79EFBC}") = "BasicsOOP_lesson4", "BasicsOOP_lesson4\BasicsOOP_lesson4.csproj", "{2D3419E7-DE0E-4568-A2EC-0B21D67DF8AA}"
EndProject
Global
	GlobalSection(SolutionConfigurationPlatforms) = preSolution
		Debug|Any CPU = Debug|Any CPU
		Release|Any CPU = Release|Any CPU
	EndGlobalSection
	GlobalSection(ProjectConfigurationPlatforms) = postSolution
		{2D3419E7-DE0E-4568-A2EC-0B21D67DF8AA}.Debug|Any CPU.ActiveCfg = Debug|Any CPU
		{2D3419E7-DE0E-4568-A2EC-0B21D67DF8AA}.Debug|Any CPU.Build.0 = Debug|Any CPU
		{2D3419E7-DE0E-4568-A2EC-0B21D67DF8AA}.Release|Any CPU.ActiveCfg = Release|Any CPU
		{2D3419E7-DE0E-4568-A2EC-0B21D67DF8AA}.Release|Any CPU.Build.0 = Release|Any CPU
	EndGlobalSection
	GlobalSection(SolutionProperties) = preSolution
		HideSolutionNode = FALSE
	EndGlobalSection
	GlobalSection(ExtensibilityGlobals) = postSolution
		SolutionGuid = {54AA002D-FCFB-42F8-A89F-18CE73116823}
	EndGlobalSection
EndGlobal
