
Microsoft Visual Studio Solution File, Format Version 12.00
# Visual Studio Version 16
VisualStudioVersion = 16.0.31729.503
MinimumVisualStudioVersion = 10.0.40219.1
Project("{FAE04EC0-301F-11D3-BF4B-00C04F79EFBC}") = "BasicsOOP_lesson6", "BasicsOOP_lesson6\BasicsOOP_lesson6.csproj", "{6DE49741-DAF9-4E50-8A19-FA65D5E4A758}"
EndProject
Global
	GlobalSection(SolutionConfigurationPlatforms) = preSolution
		Debug|Any CPU = Debug|Any CPU
		Release|Any CPU = Release|Any CPU
	EndGlobalSection
	GlobalSection(ProjectConfigurationPlatforms) = postSolution
		{6DE49741-DAF9-4E50-8A19-FA65D5E4A758}.Debug|Any CPU.ActiveCfg = Debug|Any CPU
		{6DE49741-DAF9-4E50-8A19-FA65D5E4A758}.Debug|Any CPU.Build.0 = Debug|Any CPU
		{6DE49741-DAF9-4E50-8A19-FA65D5E4A758}.Release|Any CPU.ActiveCfg = Release|Any CPU
		{6DE49741-DAF9-4E50-8A19-FA65D5E4A758}.Release|Any CPU.Build.0 = Release|Any CPU
	EndGlobalSection
	GlobalSection(SolutionProperties) = preSolution
		HideSolutionNode = FALSE
	EndGlobalSection
	GlobalSection(ExtensibilityGlobals) = postSolution
		SolutionGuid = {35BD2C50-283E-413A-BB2D-5B85C5F01BD2}
	EndGlobalSection
EndGlobal
